[[package]]
name = "motor"
version = "2.4.0"
description = "Non-blocking MongoDB driver for Tornado or asyncio"
category = "main"
optional = false
python-versions = ">=3.5.2"

[package.dependencies]
pymongo = ">=3.11,<4"

[package.extras]
encryption = ["pymongo[encryption] (>=3.11,<4)"]

[[package]]
name = "pymongo"
version = "3.11.4"
description = "Python driver for MongoDB <http://www.mongodb.org>"
category = "main"
optional = false
python-versions = "*"

[package.extras]
aws = ["pymongo-auth-aws (<2.0.0)"]
encryption = ["pymongocrypt (<2.0.0)"]
gssapi = ["pykerberos"]
ocsp = ["pyopenssl (>=17.2.0)", "requests (<3.0.0)", "service-identity (>=18.1.0)"]
snappy = ["python-snappy"]
srv = ["dnspython (>=1.16.0,<1.17.0)"]
tls = ["ipaddress"]
zstd = ["zstandard"]

[[package]]
name = "pyyaml"
version = "5.4.1"
description = "YAML parser and emitter for Python"
category = "main"
optional = false
python-versions = ">=2.7, !=3.0.*, !=3.1.*, !=3.2.*, !=3.3.*, !=3.4.*, !=3.5.*"

[[package]]
name = "uvloop"
version = "0.15.2"
description = "Fast implementation of asyncio event loop on top of libuv"
category = "main"
optional = false
python-versions = ">=3.7"

[package.extras]
dev = ["Cython (>=0.29.20,<0.30.0)", "pytest (>=3.6.0)", "Sphinx (>=1.7.3,<1.8.0)", "sphinxcontrib-asyncio (>=0.2.0,<0.3.0)", "sphinx-rtd-theme (>=0.2.4,<0.3.0)", "aiohttp", "flake8 (>=3.8.4,<3.9.0)", "psutil", "pycodestyle (>=2.6.0,<2.7.0)", "pyOpenSSL (>=19.0.0,<19.1.0)", "mypy (>=0.800)"]
docs = ["Sphinx (>=1.7.3,<1.8.0)", "sphinxcontrib-asyncio (>=0.2.0,<0.3.0)", "sphinx-rtd-theme (>=0.2.4,<0.3.0)"]
test = ["aiohttp", "flake8 (>=3.8.4,<3.9.0)", "psutil", "pycodestyle (>=2.6.0,<2.7.0)", "pyOpenSSL (>=19.0.0,<19.1.0)", "mypy (>=0.800)"]

[metadata]
lock-version = "1.1"
python-versions = "^3.9"
content-hash = "30fbb542306a5801c9f12656125b56ed97ab37fee580e7a04b67c228bba19c85"

[metadata.files]
motor = [
    {file = "motor-2.4.0-py3-none-any.whl", hash = "sha256:839c11a43897dbec8e5ba0e87a9c9b877239803126877b2efa5cef89aa6b687a"},
    {file = "motor-2.4.0.tar.gz", hash = "sha256:1196db507142ef8f00d953efa2f37b39335ef2d72af6ce4fbccfd870b65c5e9f"},
]
pymongo = [
    {file = "pymongo-3.11.4-cp27-cp27m-macosx_10_14_intel.whl", hash = "sha256:b7efc7e7049ef366777cfd35437c18a4166bb50a5606a1c840ee3b9624b54fc9"},
    {file = "pymongo-3.11.4-cp27-cp27m-manylinux1_i686.whl", hash = "sha256:517ba47ca04a55b1f50ee8df9fd97f6c37df5537d118fb2718952b8623860466"},
    {file = "pymongo-3.11.4-cp27-cp27m-manylinux1_x86_64.whl", hash = "sha256:225c61e08fe517aede7912937939e09adf086c8e6f7e40d4c85ad678c2c2aea3"},
    {file = "pymongo-3.11.4-cp27-cp27m-win32.whl", hash = "sha256:e4e9db78b71db2b1684ee4ecc3e32c4600f18cdf76e6b9ae03e338e52ee4b168"},
    {file = "pymongo-3.11.4-cp27-cp27m-win_amd64.whl", hash = "sha256:8e0004b0393d72d76de94b4792a006cb960c1c65c7659930fbf9a81ce4341982"},
    {file = "pymongo-3.11.4-cp27-cp27mu-manylinux1_i686.whl", hash = "sha256:fedf0dee7a412ca6d1d6d92c158fe9cbaa8ea0cae90d268f9ccc0744de7a97d0"},
    {file = "pymongo-3.11.4-cp27-cp27mu-manylinux1_x86_64.whl", hash = "sha256:f947b359cc4769af8b49be7e37af01f05fcf15b401da2528021148e4a54426d1"},
    {file = "pymongo-3.11.4-cp34-cp34m-macosx_10_6_intel.whl", hash = "sha256:3a3498a8326111221560e930f198b495ea6926937e249f475052ffc6893a6680"},
    {file = "pymongo-3.11.4-cp34-cp34m-manylinux1_i686.whl", hash = "sha256:9a4f6e0b01df820ba9ed0b4e618ca83a1c089e48d4f268d0e00dcd49893d4549"},
    {file = "pymongo-3.11.4-cp34-cp34m-manylinux1_x86_64.whl", hash = "sha256:d65bac5f6724d9ea6f0b5a0f0e4952fbbf209adcf6b5583b54c54bd2fcd74dc0"},
    {file = "pymongo-3.11.4-cp34-cp34m-win32.whl", hash = "sha256:15b083d1b789b230e5ac284442d9ecb113c93f3785a6824f748befaab803b812"},
    {file = "pymongo-3.11.4-cp34-cp34m-win_amd64.whl", hash = "sha256:f08665d3cc5abc2f770f472a9b5f720a9b3ab0b8b3bb97c7c1487515e5653d39"},
    {file = "pymongo-3.11.4-cp35-cp35m-macosx_10_6_intel.whl", hash = "sha256:977b1d4f868986b4ba5d03c317fde4d3b66e687d74473130cd598e3103db34fa"},
    {file = "pymongo-3.11.4-cp35-cp35m-manylinux1_i686.whl", hash = "sha256:510cd3bfabb63a07405b7b79fae63127e34c118b7531a2cbbafc7a24fd878594"},
    {file = "pymongo-3.11.4-cp35-cp35m-manylinux1_x86_64.whl", hash = "sha256:071552b065e809d24c5653fcc14968cfd6fde4e279408640d5ac58e3353a3c5f"},
    {file = "pymongo-3.11.4-cp35-cp35m-manylinux2014_aarch64.whl", hash = "sha256:f4ba58157e8ae33ee86fadf9062c506e535afd904f07f9be32731f4410a23b7f"},
    {file = "pymongo-3.11.4-cp35-cp35m-manylinux2014_i686.whl", hash = "sha256:b413117210fa6d92664c3d860571e8e8727c3e8f2ff197276c5d0cb365abd3ad"},
    {file = "pymongo-3.11.4-cp35-cp35m-manylinux2014_ppc64le.whl", hash = "sha256:08b8723248730599c9803ae4c97b8f3f76c55219104303c88cb962a31e3bb5ee"},
    {file = "pymongo-3.11.4-cp35-cp35m-manylinux2014_s390x.whl", hash = "sha256:8a41fdc751dc4707a4fafb111c442411816a7c225ebb5cadb57599534b5d5372"},
    {file = "pymongo-3.11.4-cp35-cp35m-manylinux2014_x86_64.whl", hash = "sha256:f664ed7613b8b18f0ce5696b146776266a038c19c5cd6efffa08ecc189b01b73"},
    {file = "pymongo-3.11.4-cp35-cp35m-win32.whl", hash = "sha256:5c36428cc4f7fae56354db7f46677fd21222fc3cb1e8829549b851172033e043"},
    {file = "pymongo-3.11.4-cp35-cp35m-win_amd64.whl", hash = "sha256:d0a70151d7de8a3194cdc906bcc1a42e14594787c64b0c1c9c975e5a2af3e251"},
    {file = "pymongo-3.11.4-cp36-cp36m-macosx_10_6_intel.whl", hash = "sha256:9b9298964389c180a063a9e8bac8a80ed42de11d04166b20249bfa0a489e0e0f"},
    {file = "pymongo-3.11.4-cp36-cp36m-manylinux1_i686.whl", hash = "sha256:b2f41261b648cf5dee425f37ff14f4ad151c2f24b827052b402637158fd056ef"},
    {file = "pymongo-3.11.4-cp36-cp36m-manylinux1_x86_64.whl", hash = "sha256:e02beaab433fd1104b2804f909e694cfbdb6578020740a9051597adc1cd4e19f"},
    {file = "pymongo-3.11.4-cp36-cp36m-manylinux2014_aarch64.whl", hash = "sha256:8898f6699f740ca93a0879ed07d8e6db02d68af889d0ebb3d13ab017e6b1af1e"},
    {file = "pymongo-3.11.4-cp36-cp36m-manylinux2014_i686.whl", hash = "sha256:62c29bc36a6d9be68fe7b5aaf1e120b4aa66a958d1e146601fcd583eb12cae7b"},
    {file = "pymongo-3.11.4-cp36-cp36m-manylinux2014_ppc64le.whl", hash = "sha256:424799c71ff435094e5fb823c40eebb4500f0e048133311e9c026467e8ccebac"},
    {file = "pymongo-3.11.4-cp36-cp36m-manylinux2014_s390x.whl", hash = "sha256:3551912f5c34d8dd7c32c6bb00ae04192af47f7b9f653608f107d19c1a21a194"},
    {file = "pymongo-3.11.4-cp36-cp36m-manylinux2014_x86_64.whl", hash = "sha256:5db59223ed1e634d842a053325f85f908359c6dac9c8ddce8ef145061fae7df8"},
    {file = "pymongo-3.11.4-cp36-cp36m-win32.whl", hash = "sha256:fea5cb1c63efe1399f0812532c7cf65458d38fd011be350bc5021dfcac39fba8"},
    {file = "pymongo-3.11.4-cp36-cp36m-win_amd64.whl", hash = "sha256:d4e62417e89b717a7bcd8576ac3108cd063225942cc91c5b37ff5465fdccd386"},
    {file = "pymongo-3.11.4-cp37-cp37m-macosx_10_6_intel.whl", hash = "sha256:4c7e8c8e1e1918dcf6a652ac4b9d87164587c26fd2ce5dd81e73a5ab3b3d492f"},
    {file = "pymongo-3.11.4-cp37-cp37m-manylinux1_i686.whl", hash = "sha256:38a7b5140a48fc91681cdb5cb95b7cd64640b43d19259fdd707fa9d5a715f2b2"},
    {file = "pymongo-3.11.4-cp37-cp37m-manylinux1_x86_64.whl", hash = "sha256:aff3656af2add93f290731a6b8930b23b35c0c09569150130a58192b3ec6fc61"},
    {file = "pymongo-3.11.4-cp37-cp37m-manylinux2014_aarch64.whl", hash = "sha256:03be7ad107d252bb7325d4af6309fdd2c025d08854d35f0e7abc8bf048f4245e"},
    {file = "pymongo-3.11.4-cp37-cp37m-manylinux2014_i686.whl", hash = "sha256:6060794aac9f7b0644b299f46a9c6cbc0bc470bd01572f4134df140afd41ded6"},
    {file = "pymongo-3.11.4-cp37-cp37m-manylinux2014_ppc64le.whl", hash = "sha256:73326b211e7410c8bd6a74500b1e3f392f39cf10862e243d00937e924f112c01"},
    {file = "pymongo-3.11.4-cp37-cp37m-manylinux2014_s390x.whl", hash = "sha256:20d75ea11527331a2980ab04762a9d960bcfea9475c54bbeab777af880de61cd"},
    {file = "pymongo-3.11.4-cp37-cp37m-manylinux2014_x86_64.whl", hash = "sha256:3135dd574ef1286189f3f04a36c8b7a256376914f8cbbce66b94f13125ded858"},
    {file = "pymongo-3.11.4-cp37-cp37m-win32.whl", hash = "sha256:7c97554ea521f898753d9773891d0347ebfaddcc1dee2ad94850b163171bf1f1"},
    {file = "pymongo-3.11.4-cp37-cp37m-win_amd64.whl", hash = "sha256:a08c8b322b671857c81f4c30cd3c8df2895fd3c0e9358714f39e0ef8fb327702"},
    {file = "pymongo-3.11.4-cp38-cp38-macosx_10_9_x86_64.whl", hash = "sha256:f3d851af3852f16ad4adc7ee054fd9c90a7a5063de94d815b7f6a88477b9f4c6"},
    {file = "pymongo-3.11.4-cp38-cp38-manylinux1_i686.whl", hash = "sha256:3bfc7689a1bacb9bcd2f2d5185d99507aa29f667a58dd8adaa43b5a348139e46"},
    {file = "pymongo-3.11.4-cp38-cp38-manylinux1_x86_64.whl", hash = "sha256:b8f94acd52e530a38f25e4d5bf7ddfdd4bea9193e718f58419def0d4406b58d3"},
    {file = "pymongo-3.11.4-cp38-cp38-manylinux2014_aarch64.whl", hash = "sha256:e4b631688dfbdd61b5610e20b64b99d25771c6d52d9da73349342d2a0f11c46a"},
    {file = "pymongo-3.11.4-cp38-cp38-manylinux2014_i686.whl", hash = "sha256:474e21d0e07cd09679e357d1dac76e570dab86665e79a9d3354b10a279ac6fb3"},
    {file = "pymongo-3.11.4-cp38-cp38-manylinux2014_ppc64le.whl", hash = "sha256:421d13523d11c57f57f257152bc4a6bb463aadf7a3918e9c96fefdd6be8dbfb8"},
    {file = "pymongo-3.11.4-cp38-cp38-manylinux2014_s390x.whl", hash = "sha256:0cabfc297f4cf921f15bc789a8fbfd7115eb9f813d3f47a74b609894bc66ab0d"},
    {file = "pymongo-3.11.4-cp38-cp38-manylinux2014_x86_64.whl", hash = "sha256:fe4189846448df013cd9df11bba38ddf78043f8c290a9f06430732a7a8601cce"},
    {file = "pymongo-3.11.4-cp38-cp38-win32.whl", hash = "sha256:eb4d176394c37a76e8b0afe54b12d58614a67a60a7f8c0dd3a5afbb013c01092"},
    {file = "pymongo-3.11.4-cp38-cp38-win_amd64.whl", hash = "sha256:fffff7bfb6799a763d3742c59c6ee7ffadda21abed557637bc44ed1080876484"},
    {file = "pymongo-3.11.4-cp39-cp39-macosx_10_9_x86_64.whl", hash = "sha256:13acf6164ead81c9fc2afa0e1ea6d6134352973ce2bb35496834fee057063c04"},
    {file = "pymongo-3.11.4-cp39-cp39-manylinux1_i686.whl", hash = "sha256:d360e5d5dd3d55bf5d1776964625018d85b937d1032bae1926dd52253decd0db"},
    {file = "pymongo-3.11.4-cp39-cp39-manylinux1_x86_64.whl", hash = "sha256:0aaf4d44f1f819360f9432df538d54bbf850f18152f34e20337c01b828479171"},
    {file = "pymongo-3.11.4-cp39-cp39-manylinux2014_aarch64.whl", hash = "sha256:08bda7b2c522ff9f1e554570da16298271ebb0c56ab9699446aacba249008988"},
    {file = "pymongo-3.11.4-cp39-cp39-manylinux2014_i686.whl", hash = "sha256:1a994a42f49dab5b6287e499be7d3d2751776486229980d8857ad53b8333d469"},
    {file = "pymongo-3.11.4-cp39-cp39-manylinux2014_ppc64le.whl", hash = "sha256:161fcd3281c42f644aa8dec7753cca2af03ce654e17d76da4f0dab34a12480ca"},
    {file = "pymongo-3.11.4-cp39-cp39-manylinux2014_s390x.whl", hash = "sha256:78f07961f4f214ea8e80be63cffd5cc158eb06cd922ffbf6c7155b11728f28f9"},
    {file = "pymongo-3.11.4-cp39-cp39-manylinux2014_x86_64.whl", hash = "sha256:ad31f184dcd3271de26ab1f9c51574afb99e1b0e484ab1da3641256b723e4994"},
    {file = "pymongo-3.11.4-cp39-cp39-win32.whl", hash = "sha256:5e606846c049ed40940524057bfdf1105af6066688c0e6a1a3ce2038589bae70"},
    {file = "pymongo-3.11.4-cp39-cp39-win_amd64.whl", hash = "sha256:3491c7de09e44eded16824cb58cf9b5cc1dc6f066a0bb7aa69929d02aa53b828"},
    {file = "pymongo-3.11.4-py2.7-macosx-10.14-intel.egg", hash = "sha256:506a6dab4c7ffdcacdf0b8e70bd20eb2e77fa994519547c9d88d676400fcad58"},
    {file = "pymongo-3.11.4.tar.gz", hash = "sha256:539d4cb1b16b57026999c53e5aab857fe706e70ae5310cc8c232479923f932e6"},
]
pyyaml = [
    {file = "PyYAML-5.4.1-cp27-cp27m-macosx_10_9_x86_64.whl", hash = "sha256:3b2b1824fe7112845700f815ff6a489360226a5609b96ec2190a45e62a9fc922"},
    {file = "PyYAML-5.4.1-cp27-cp27m-win32.whl", hash = "sha256:129def1b7c1bf22faffd67b8f3724645203b79d8f4cc81f674654d9902cb4393"},
    {file = "PyYAML-5.4.1-cp27-cp27m-win_amd64.whl", hash = "sha256:4465124ef1b18d9ace298060f4eccc64b0850899ac4ac53294547536533800c8"},
    {file = "PyYAML-5.4.1-cp27-cp27mu-manylinux1_x86_64.whl", hash = "sha256:bb4191dfc9306777bc594117aee052446b3fa88737cd13b7188d0e7aa8162185"},
    {file = "PyYAML-5.4.1-cp36-cp36m-macosx_10_9_x86_64.whl", hash = "sha256:6c78645d400265a062508ae399b60b8c167bf003db364ecb26dcab2bda048253"},
    {file = "PyYAML-5.4.1-cp36-cp36m-manylinux1_x86_64.whl", hash = "sha256:4e0583d24c881e14342eaf4ec5fbc97f934b999a6828693a99157fde912540cc"},
    {file = "PyYAML-5.4.1-cp36-cp36m-manylinux2014_aarch64.whl", hash = "sha256:72a01f726a9c7851ca9bfad6fd09ca4e090a023c00945ea05ba1638c09dc3347"},
    {file = "PyYAML-5.4.1-cp36-cp36m-manylinux2014_s390x.whl", hash = "sha256:895f61ef02e8fed38159bb70f7e100e00f471eae2bc838cd0f4ebb21e28f8541"},
    {file = "PyYAML-5.4.1-cp36-cp36m-win32.whl", hash = "sha256:3bd0e463264cf257d1ffd2e40223b197271046d09dadf73a0fe82b9c1fc385a5"},
    {file = "PyYAML-5.4.1-cp36-cp36m-win_amd64.whl", hash = "sha256:e4fac90784481d221a8e4b1162afa7c47ed953be40d31ab4629ae917510051df"},
    {file = "PyYAML-5.4.1-cp37-cp37m-macosx_10_9_x86_64.whl", hash = "sha256:5accb17103e43963b80e6f837831f38d314a0495500067cb25afab2e8d7a4018"},
    {file = "PyYAML-5.4.1-cp37-cp37m-manylinux1_x86_64.whl", hash = "sha256:e1d4970ea66be07ae37a3c2e48b5ec63f7ba6804bdddfdbd3cfd954d25a82e63"},
    {file = "PyYAML-5.4.1-cp37-cp37m-manylinux2014_aarch64.whl", hash = "sha256:cb333c16912324fd5f769fff6bc5de372e9e7a202247b48870bc251ed40239aa"},
    {file = "PyYAML-5.4.1-cp37-cp37m-manylinux2014_s390x.whl", hash = "sha256:fe69978f3f768926cfa37b867e3843918e012cf83f680806599ddce33c2c68b0"},
    {file = "PyYAML-5.4.1-cp37-cp37m-win32.whl", hash = "sha256:dd5de0646207f053eb0d6c74ae45ba98c3395a571a2891858e87df7c9b9bd51b"},
    {file = "PyYAML-5.4.1-cp37-cp37m-win_amd64.whl", hash = "sha256:08682f6b72c722394747bddaf0aa62277e02557c0fd1c42cb853016a38f8dedf"},
    {file = "PyYAML-5.4.1-cp38-cp38-macosx_10_9_x86_64.whl", hash = "sha256:d2d9808ea7b4af864f35ea216be506ecec180628aced0704e34aca0b040ffe46"},
    {file = "PyYAML-5.4.1-cp38-cp38-manylinux1_x86_64.whl", hash = "sha256:8c1be557ee92a20f184922c7b6424e8ab6691788e6d86137c5d93c1a6ec1b8fb"},
    {file = "PyYAML-5.4.1-cp38-cp38-manylinux2014_aarch64.whl", hash = "sha256:fd7f6999a8070df521b6384004ef42833b9bd62cfee11a09bda1079b4b704247"},
    {file = "PyYAML-5.4.1-cp38-cp38-manylinux2014_s390x.whl", hash = "sha256:bfb51918d4ff3d77c1c856a9699f8492c612cde32fd3bcd344af9be34999bfdc"},
    {file = "PyYAML-5.4.1-cp38-cp38-win32.whl", hash = "sha256:fa5ae20527d8e831e8230cbffd9f8fe952815b2b7dae6ffec25318803a7528fc"},
    {file = "PyYAML-5.4.1-cp38-cp38-win_amd64.whl", hash = "sha256:0f5f5786c0e09baddcd8b4b45f20a7b5d61a7e7e99846e3c799b05c7c53fa696"},
    {file = "PyYAML-5.4.1-cp39-cp39-macosx_10_9_x86_64.whl", hash = "sha256:294db365efa064d00b8d1ef65d8ea2c3426ac366c0c4368d930bf1c5fb497f77"},
    {file = "PyYAML-5.4.1-cp39-cp39-manylinux1_x86_64.whl", hash = "sha256:74c1485f7707cf707a7aef42ef6322b8f97921bd89be2ab6317fd782c2d53183"},
    {file = "PyYAML-5.4.1-cp39-cp39-manylinux2014_aarch64.whl", hash = "sha256:d483ad4e639292c90170eb6f7783ad19490e7a8defb3e46f97dfe4bacae89122"},
    {file = "PyYAML-5.4.1-cp39-cp39-manylinux2014_s390x.whl", hash = "sha256:fdc842473cd33f45ff6bce46aea678a54e3d21f1b61a7750ce3c498eedfe25d6"},
    {file = "PyYAML-5.4.1-cp39-cp39-win32.whl", hash = "sha256:49d4cdd9065b9b6e206d0595fee27a96b5dd22618e7520c33204a4a3239d5b10"},
    {file = "PyYAML-5.4.1-cp39-cp39-win_amd64.whl", hash = "sha256:c20cfa2d49991c8b4147af39859b167664f2ad4561704ee74c1de03318e898db"},
    {file = "PyYAML-5.4.1.tar.gz", hash = "sha256:607774cbba28732bfa802b54baa7484215f530991055bb562efbed5b2f20a45e"},
]
uvloop = [
    {file = "uvloop-0.15.2-cp37-cp37m-macosx_10_14_x86_64.whl", hash = "sha256:19fa1d56c91341318ac5d417e7b61c56e9a41183946cc70c411341173de02c69"},
    {file = "uvloop-0.15.2-cp37-cp37m-manylinux2010_x86_64.whl", hash = "sha256:e5e5f855c9bf483ee6cd1eb9a179b740de80cb0ae2988e3fa22309b78e2ea0e7"},
    {file = "uvloop-0.15.2-cp37-cp37m-manylinux2014_aarch64.whl", hash = "sha256:42eda9f525a208fbc4f7cecd00fa15c57cc57646c76632b3ba2fe005004f051d"},
    {file = "uvloop-0.15.2-cp38-cp38-macosx_10_14_x86_64.whl", hash = "sha256:90e56f17755e41b425ad19a08c41dc358fa7bf1226c0f8e54d4d02d556f7af7c"},
    {file = "uvloop-0.15.2-cp38-cp38-manylinux2010_x86_64.whl", hash = "sha256:7ae39b11a5f4cec1432d706c21ecc62f9e04d116883178b09671aa29c46f7a47"},
    {file = "uvloop-0.15.2-cp38-cp38-manylinux2014_aarch64.whl", hash = "sha256:b45218c99795803fb8bdbc9435ff7f54e3a591b44cd4c121b02fa83affb61c7c"},
    {file = "uvloop-0.15.2-cp39-cp39-macosx_10_14_x86_64.whl", hash = "sha256:114543c84e95df1b4ff546e6e3a27521580466a30127f12172a3278172ad68bc"},
    {file = "uvloop-0.15.2-cp39-cp39-manylinux2010_x86_64.whl", hash = "sha256:44cac8575bf168601424302045234d74e3561fbdbac39b2b54cc1d1d00b70760"},
    {file = "uvloop-0.15.2-cp39-cp39-manylinux2014_aarch64.whl", hash = "sha256:6de130d0cb78985a5d080e323b86c5ecaf3af82f4890492c05981707852f983c"},
    {file = "uvloop-0.15.2.tar.gz", hash = "sha256:2bb0624a8a70834e54dde8feed62ed63b50bad7a1265c40d6403a2ac447bce01"},
]
